// !$*UTF8*$!
{
	archiveVersion = 1;
	classes = {
	};
	objectVersion = 56;
	objects = {

/* Begin PBXBuildFile section */
		9E7D4EDC2C8772A2003BDE1F /* GoogleAuthView.swift in Sources */ = {isa = PBXBuildFile; fileRef = 9E7D4EDB2C8772A2003BDE1F /* GoogleAuthView.swift */; };
		9E7D4EDE2C8859F1003BDE1F /* ClerkAuthViewModel.swift in Sources */ = {isa = PBXBuildFile; fileRef = 9E7D4EDD2C8859F0003BDE1F /* ClerkAuthViewModel.swift */; };
		9E89A3682C822ED000D6FD19 /* ForgetPasswordView.swift in Sources */ = {isa = PBXBuildFile; fileRef = 9E89A3672C822ED000D6FD19 /* ForgetPasswordView.swift */; };
		9E89A36A2C84B80700D6FD19 /* SplashUnitedView.swift in Sources */ = {isa = PBXBuildFile; fileRef = 9E89A3692C84B80600D6FD19 /* SplashUnitedView.swift */; };
		9E89A36D2C85BD5300D6FD19 /* GoogleSignIn in Frameworks */ = {isa = PBXBuildFile; productRef = 9E89A36C2C85BD5300D6FD19 /* GoogleSignIn */; };
		9E89A36F2C85BD5300D6FD19 /* GoogleSignInSwift in Frameworks */ = {isa = PBXBuildFile; productRef = 9E89A36E2C85BD5300D6FD19 /* GoogleSignInSwift */; };
		9E89A3722C85D1FE00D6FD19 /* SplashOnlyView.swift in Sources */ = {isa = PBXBuildFile; fileRef = 9E89A3712C85D1FE00D6FD19 /* SplashOnlyView.swift */; };
		9EB20CEB2C7F9478003D5333 /* GoogleService-Info.plist in Resources */ = {isa = PBXBuildFile; fileRef = 9EB20CEA2C7F9478003D5333 /* GoogleService-Info.plist */; };
		9EB20CED2C80490C003D5333 /* SupbaseViewModel.swift in Sources */ = {isa = PBXBuildFile; fileRef = 9EB20CEC2C80490B003D5333 /* SupbaseViewModel.swift */; };
		9EB20CEF2C804922003D5333 /* ClerkViewModel.swift in Sources */ = {isa = PBXBuildFile; fileRef = 9EB20CEE2C804922003D5333 /* ClerkViewModel.swift */; };
		9EB20CF12C80493A003D5333 /* WalletConnectViewModel.swift in Sources */ = {isa = PBXBuildFile; fileRef = 9EB20CF02C80493A003D5333 /* WalletConnectViewModel.swift */; };
		9EB20CF42C80B6ED003D5333 /* Auth in Frameworks */ = {isa = PBXBuildFile; productRef = 9EB20CF32C80B6ED003D5333 /* Auth */; };
		9EB20CF62C80B6ED003D5333 /* Storage in Frameworks */ = {isa = PBXBuildFile; productRef = 9EB20CF52C80B6ED003D5333 /* Storage */; };
		9EB20CF82C80B6ED003D5333 /* Supabase in Frameworks */ = {isa = PBXBuildFile; productRef = 9EB20CF72C80B6ED003D5333 /* Supabase */; };
		9ED4ED4E2C7F6C890004C5CC /* swift_auth_fire_clerk_walletconnect_supApp.swift in Sources */ = {isa = PBXBuildFile; fileRef = 9ED4ED4D2C7F6C890004C5CC /* swift_auth_fire_clerk_walletconnect_supApp.swift */; };
		9ED4ED502C7F6C890004C5CC /* ContentView.swift in Sources */ = {isa = PBXBuildFile; fileRef = 9ED4ED4F2C7F6C890004C5CC /* ContentView.swift */; };
		9ED4ED522C7F6C8D0004C5CC /* Assets.xcassets in Resources */ = {isa = PBXBuildFile; fileRef = 9ED4ED512C7F6C8D0004C5CC /* Assets.xcassets */; };
		9ED4ED552C7F6C8D0004C5CC /* Preview Assets.xcassets in Resources */ = {isa = PBXBuildFile; fileRef = 9ED4ED542C7F6C8D0004C5CC /* Preview Assets.xcassets */; };
		9ED4ED5F2C7F6C8D0004C5CC /* swift_auth_fire_clerk_walletconnect_supTests.swift in Sources */ = {isa = PBXBuildFile; fileRef = 9ED4ED5E2C7F6C8D0004C5CC /* swift_auth_fire_clerk_walletconnect_supTests.swift */; };
		9ED4ED692C7F6C8E0004C5CC /* swift_auth_fire_clerk_walletconnect_supUITests.swift in Sources */ = {isa = PBXBuildFile; fileRef = 9ED4ED682C7F6C8E0004C5CC /* swift_auth_fire_clerk_walletconnect_supUITests.swift */; };
		9ED4ED6B2C7F6C8E0004C5CC /* swift_auth_fire_clerk_walletconnect_supUITestsLaunchTests.swift in Sources */ = {isa = PBXBuildFile; fileRef = 9ED4ED6A2C7F6C8E0004C5CC /* swift_auth_fire_clerk_walletconnect_supUITestsLaunchTests.swift */; };
		9ED4ED7B2C7F6D550004C5CC /* UserFirebase.swift in Sources */ = {isa = PBXBuildFile; fileRef = 9ED4ED7A2C7F6D550004C5CC /* UserFirebase.swift */; };
		9ED4ED7E2C7F6D8E0004C5CC /* Kingfisher in Frameworks */ = {isa = PBXBuildFile; productRef = 9ED4ED7D2C7F6D8E0004C5CC /* Kingfisher */; };
		9ED4ED812C7F6DB10004C5CC /* ClerkSDK in Frameworks */ = {isa = PBXBuildFile; productRef = 9ED4ED802C7F6DB10004C5CC /* ClerkSDK */; };
		9ED4ED842C7F6E0C0004C5CC /* FirebaseAuth in Frameworks */ = {isa = PBXBuildFile; productRef = 9ED4ED832C7F6E0C0004C5CC /* FirebaseAuth */; };
		9ED4ED862C7F6E0C0004C5CC /* FirebaseFirestore in Frameworks */ = {isa = PBXBuildFile; productRef = 9ED4ED852C7F6E0C0004C5CC /* FirebaseFirestore */; };
		9ED4ED882C7F6E0C0004C5CC /* FirebaseStorage in Frameworks */ = {isa = PBXBuildFile; productRef = 9ED4ED872C7F6E0C0004C5CC /* FirebaseStorage */; };
		9ED4ED932C7F6F920004C5CC /* MainView.swift in Sources */ = {isa = PBXBuildFile; fileRef = 9ED4ED922C7F6F910004C5CC /* MainView.swift */; };
		9ED4ED962C7F6FB30004C5CC /* InfoCardView.swift in Sources */ = {isa = PBXBuildFile; fileRef = 9ED4ED952C7F6FB30004C5CC /* InfoCardView.swift */; };
		9ED4ED982C7F6FBF0004C5CC /* ProfileView.swift in Sources */ = {isa = PBXBuildFile; fileRef = 9ED4ED972C7F6FBE0004C5CC /* ProfileView.swift */; };
		9ED4ED9A2C7F6FD30004C5CC /* PreferenceRowView.swift in Sources */ = {isa = PBXBuildFile; fileRef = 9ED4ED992C7F6FD30004C5CC /* PreferenceRowView.swift */; };
		9ED4ED9D2C7F71040004C5CC /* AppTabBarView.swift in Sources */ = {isa = PBXBuildFile; fileRef = 9ED4ED9C2C7F71040004C5CC /* AppTabBarView.swift */; };
		9ED4EDA02C7F71440004C5CC /* SplashBaseBackgroundView.swift in Sources */ = {isa = PBXBuildFile; fileRef = 9ED4ED9F2C7F71440004C5CC /* SplashBaseBackgroundView.swift */; };
		9ED4EDA22C7F71A20004C5CC /* SplashNullUserView.swift in Sources */ = {isa = PBXBuildFile; fileRef = 9ED4EDA12C7F71A20004C5CC /* SplashNullUserView.swift */; };
		9ED4EDA42C7F71E90004C5CC /* SplashOverTextView.swift in Sources */ = {isa = PBXBuildFile; fileRef = 9ED4EDA32C7F71E90004C5CC /* SplashOverTextView.swift */; };
		9ED4EDA62C7F723A0004C5CC /* SplashAuthedView.swift in Sources */ = {isa = PBXBuildFile; fileRef = 9ED4EDA52C7F72390004C5CC /* SplashAuthedView.swift */; };
		9ED4EDAA2C7F729B0004C5CC /* FirebaseAuthViewModel.swift in Sources */ = {isa = PBXBuildFile; fileRef = 9ED4EDA92C7F729B0004C5CC /* FirebaseAuthViewModel.swift */; };
		9ED4EDAC2C7F72C70004C5CC /* AuthView.swift in Sources */ = {isa = PBXBuildFile; fileRef = 9ED4EDAB2C7F72C70004C5CC /* AuthView.swift */; };
		9ED4EDAE2C7F72D50004C5CC /* RegisterView.swift in Sources */ = {isa = PBXBuildFile; fileRef = 9ED4EDAD2C7F72D50004C5CC /* RegisterView.swift */; };
		9ED4EDB02C7F72EF0004C5CC /* AuthenticationInputView.swift in Sources */ = {isa = PBXBuildFile; fileRef = 9ED4EDAF2C7F72EF0004C5CC /* AuthenticationInputView.swift */; };
		9ED4EDB22C7F73FF0004C5CC /* UserSupbase.swift in Sources */ = {isa = PBXBuildFile; fileRef = 9ED4EDB12C7F73FF0004C5CC /* UserSupbase.swift */; };
/* End PBXBuildFile section */

/* Begin PBXContainerItemProxy section */
		9ED4ED5B2C7F6C8D0004C5CC /* PBXContainerItemProxy */ = {
			isa = PBXContainerItemProxy;
			containerPortal = 9ED4ED422C7F6C890004C5CC /* Project object */;
			proxyType = 1;
			remoteGlobalIDString = 9ED4ED492C7F6C890004C5CC;
			remoteInfo = "swift-auth-fire-clerk-walletconnect-sup";
		};
		9ED4ED652C7F6C8E0004C5CC /* PBXContainerItemProxy */ = {
			isa = PBXContainerItemProxy;
			containerPortal = 9ED4ED422C7F6C890004C5CC /* Project object */;
			proxyType = 1;
			remoteGlobalIDString = 9ED4ED492C7F6C890004C5CC;
			remoteInfo = "swift-auth-fire-clerk-walletconnect-sup";
		};
/* End PBXContainerItemProxy section */

/* Begin PBXFileReference section */
		9E7D4EDB2C8772A2003BDE1F /* GoogleAuthView.swift */ = {isa = PBXFileReference; lastKnownFileType = sourcecode.swift; path = GoogleAuthView.swift; sourceTree = "<group>"; };
		9E7D4EDD2C8859F0003BDE1F /* ClerkAuthViewModel.swift */ = {isa = PBXFileReference; lastKnownFileType = sourcecode.swift; path = ClerkAuthViewModel.swift; sourceTree = "<group>"; };
		9E89A3672C822ED000D6FD19 /* ForgetPasswordView.swift */ = {isa = PBXFileReference; lastKnownFileType = sourcecode.swift; path = ForgetPasswordView.swift; sourceTree = "<group>"; };
		9E89A3692C84B80600D6FD19 /* SplashUnitedView.swift */ = {isa = PBXFileReference; lastKnownFileType = sourcecode.swift; path = SplashUnitedView.swift; sourceTree = "<group>"; };
		9E89A3702C85C6FD00D6FD19 /* Info.plist */ = {isa = PBXFileReference; lastKnownFileType = text.plist; path = Info.plist; sourceTree = "<group>"; };
		9E89A3712C85D1FE00D6FD19 /* SplashOnlyView.swift */ = {isa = PBXFileReference; lastKnownFileType = sourcecode.swift; path = SplashOnlyView.swift; sourceTree = "<group>"; };
		9EB20CEA2C7F9478003D5333 /* GoogleService-Info.plist */ = {isa = PBXFileReference; fileEncoding = 4; lastKnownFileType = text.plist.xml; path = "GoogleService-Info.plist"; sourceTree = SOURCE_ROOT; };
		9EB20CEC2C80490B003D5333 /* SupbaseViewModel.swift */ = {isa = PBXFileReference; lastKnownFileType = sourcecode.swift; path = SupbaseViewModel.swift; sourceTree = "<group>"; };
		9EB20CEE2C804922003D5333 /* ClerkViewModel.swift */ = {isa = PBXFileReference; lastKnownFileType = sourcecode.swift; path = ClerkViewModel.swift; sourceTree = "<group>"; };
		9EB20CF02C80493A003D5333 /* WalletConnectViewModel.swift */ = {isa = PBXFileReference; lastKnownFileType = sourcecode.swift; path = WalletConnectViewModel.swift; sourceTree = "<group>"; };
		9ED4ED4A2C7F6C890004C5CC /* swift-auth-fire-clerk-walletconnect-sup.app */ = {isa = PBXFileReference; explicitFileType = wrapper.application; includeInIndex = 0; path = "swift-auth-fire-clerk-walletconnect-sup.app"; sourceTree = BUILT_PRODUCTS_DIR; };
		9ED4ED4D2C7F6C890004C5CC /* swift_auth_fire_clerk_walletconnect_supApp.swift */ = {isa = PBXFileReference; lastKnownFileType = sourcecode.swift; path = swift_auth_fire_clerk_walletconnect_supApp.swift; sourceTree = "<group>"; };
		9ED4ED4F2C7F6C890004C5CC /* ContentView.swift */ = {isa = PBXFileReference; lastKnownFileType = sourcecode.swift; path = ContentView.swift; sourceTree = "<group>"; };
		9ED4ED512C7F6C8D0004C5CC /* Assets.xcassets */ = {isa = PBXFileReference; lastKnownFileType = folder.assetcatalog; path = Assets.xcassets; sourceTree = "<group>"; };
		9ED4ED542C7F6C8D0004C5CC /* Preview Assets.xcassets */ = {isa = PBXFileReference; lastKnownFileType = folder.assetcatalog; path = "Preview Assets.xcassets"; sourceTree = "<group>"; };
		9ED4ED5A2C7F6C8D0004C5CC /* swift-auth-fire-clerk-walletconnect-supTests.xctest */ = {isa = PBXFileReference; explicitFileType = wrapper.cfbundle; includeInIndex = 0; path = "swift-auth-fire-clerk-walletconnect-supTests.xctest"; sourceTree = BUILT_PRODUCTS_DIR; };
		9ED4ED5E2C7F6C8D0004C5CC /* swift_auth_fire_clerk_walletconnect_supTests.swift */ = {isa = PBXFileReference; lastKnownFileType = sourcecode.swift; path = swift_auth_fire_clerk_walletconnect_supTests.swift; sourceTree = "<group>"; };
		9ED4ED642C7F6C8E0004C5CC /* swift-auth-fire-clerk-walletconnect-supUITests.xctest */ = {isa = PBXFileReference; explicitFileType = wrapper.cfbundle; includeInIndex = 0; path = "swift-auth-fire-clerk-walletconnect-supUITests.xctest"; sourceTree = BUILT_PRODUCTS_DIR; };
		9ED4ED682C7F6C8E0004C5CC /* swift_auth_fire_clerk_walletconnect_supUITests.swift */ = {isa = PBXFileReference; lastKnownFileType = sourcecode.swift; path = swift_auth_fire_clerk_walletconnect_supUITests.swift; sourceTree = "<group>"; };
		9ED4ED6A2C7F6C8E0004C5CC /* swift_auth_fire_clerk_walletconnect_supUITestsLaunchTests.swift */ = {isa = PBXFileReference; lastKnownFileType = sourcecode.swift; path = swift_auth_fire_clerk_walletconnect_supUITestsLaunchTests.swift; sourceTree = "<group>"; };
		9ED4ED7A2C7F6D550004C5CC /* UserFirebase.swift */ = {isa = PBXFileReference; lastKnownFileType = sourcecode.swift; path = UserFirebase.swift; sourceTree = "<group>"; };
		9ED4ED922C7F6F910004C5CC /* MainView.swift */ = {isa = PBXFileReference; lastKnownFileType = sourcecode.swift; path = MainView.swift; sourceTree = "<group>"; };
		9ED4ED952C7F6FB30004C5CC /* InfoCardView.swift */ = {isa = PBXFileReference; lastKnownFileType = sourcecode.swift; path = InfoCardView.swift; sourceTree = "<group>"; };
		9ED4ED972C7F6FBE0004C5CC /* ProfileView.swift */ = {isa = PBXFileReference; lastKnownFileType = sourcecode.swift; path = ProfileView.swift; sourceTree = "<group>"; };
		9ED4ED992C7F6FD30004C5CC /* PreferenceRowView.swift */ = {isa = PBXFileReference; lastKnownFileType = sourcecode.swift; path = PreferenceRowView.swift; sourceTree = "<group>"; };
		9ED4ED9C2C7F71040004C5CC /* AppTabBarView.swift */ = {isa = PBXFileReference; lastKnownFileType = sourcecode.swift; path = AppTabBarView.swift; sourceTree = "<group>"; };
		9ED4ED9F2C7F71440004C5CC /* SplashBaseBackgroundView.swift */ = {isa = PBXFileReference; lastKnownFileType = sourcecode.swift; path = SplashBaseBackgroundView.swift; sourceTree = "<group>"; };
		9ED4EDA12C7F71A20004C5CC /* SplashNullUserView.swift */ = {isa = PBXFileReference; lastKnownFileType = sourcecode.swift; path = SplashNullUserView.swift; sourceTree = "<group>"; };
		9ED4EDA32C7F71E90004C5CC /* SplashOverTextView.swift */ = {isa = PBXFileReference; lastKnownFileType = sourcecode.swift; path = SplashOverTextView.swift; sourceTree = "<group>"; };
		9ED4EDA52C7F72390004C5CC /* SplashAuthedView.swift */ = {isa = PBXFileReference; lastKnownFileType = sourcecode.swift; path = SplashAuthedView.swift; sourceTree = "<group>"; };
		9ED4EDA92C7F729B0004C5CC /* FirebaseAuthViewModel.swift */ = {isa = PBXFileReference; lastKnownFileType = sourcecode.swift; path = FirebaseAuthViewModel.swift; sourceTree = "<group>"; };
		9ED4EDAB2C7F72C70004C5CC /* AuthView.swift */ = {isa = PBXFileReference; lastKnownFileType = sourcecode.swift; path = AuthView.swift; sourceTree = "<group>"; };
		9ED4EDAD2C7F72D50004C5CC /* RegisterView.swift */ = {isa = PBXFileReference; lastKnownFileType = sourcecode.swift; path = RegisterView.swift; sourceTree = "<group>"; };
		9ED4EDAF2C7F72EF0004C5CC /* AuthenticationInputView.swift */ = {isa = PBXFileReference; lastKnownFileType = sourcecode.swift; path = AuthenticationInputView.swift; sourceTree = "<group>"; };
		9ED4EDB12C7F73FF0004C5CC /* UserSupbase.swift */ = {isa = PBXFileReference; lastKnownFileType = sourcecode.swift; path = UserSupbase.swift; sourceTree = "<group>"; };
/* End PBXFileReference section */

/* Begin PBXFrameworksBuildPhase section */
		9ED4ED472C7F6C890004C5CC /* Frameworks */ = {
			isa = PBXFrameworksBuildPhase;
			buildActionMask = 2147483647;
			files = (
				9ED4ED7E2C7F6D8E0004C5CC /* Kingfisher in Frameworks */,
				9ED4ED862C7F6E0C0004C5CC /* FirebaseFirestore in Frameworks */,
				9EB20CF62C80B6ED003D5333 /* Storage in Frameworks */,
				9EB20CF42C80B6ED003D5333 /* Auth in Frameworks */,
				9EB20CF82C80B6ED003D5333 /* Supabase in Frameworks */,
				9E89A36F2C85BD5300D6FD19 /* GoogleSignInSwift in Frameworks */,
				9ED4ED842C7F6E0C0004C5CC /* FirebaseAuth in Frameworks */,
				9ED4ED882C7F6E0C0004C5CC /* FirebaseStorage in Frameworks */,
				9ED4ED812C7F6DB10004C5CC /* ClerkSDK in Frameworks */,
				9E89A36D2C85BD5300D6FD19 /* GoogleSignIn in Frameworks */,
			);
			runOnlyForDeploymentPostprocessing = 0;
		};
		9ED4ED572C7F6C8D0004C5CC /* Frameworks */ = {
			isa = PBXFrameworksBuildPhase;
			buildActionMask = 2147483647;
			files = (
			);
			runOnlyForDeploymentPostprocessing = 0;
		};
		9ED4ED612C7F6C8E0004C5CC /* Frameworks */ = {
			isa = PBXFrameworksBuildPhase;
			buildActionMask = 2147483647;
			files = (
			);
			runOnlyForDeploymentPostprocessing = 0;
		};
/* End PBXFrameworksBuildPhase section */

/* Begin PBXGroup section */
		9ED4ED412C7F6C890004C5CC = {
			isa = PBXGroup;
			children = (
				9ED4ED4C2C7F6C890004C5CC /* swift-auth-fire-clerk-walletconnect-sup */,
				9ED4ED5D2C7F6C8D0004C5CC /* swift-auth-fire-clerk-walletconnect-supTests */,
				9ED4ED672C7F6C8E0004C5CC /* swift-auth-fire-clerk-walletconnect-supUITests */,
				9ED4ED4B2C7F6C890004C5CC /* Products */,
			);
			sourceTree = "<group>";
		};
		9ED4ED4B2C7F6C890004C5CC /* Products */ = {
			isa = PBXGroup;
			children = (
				9ED4ED4A2C7F6C890004C5CC /* swift-auth-fire-clerk-walletconnect-sup.app */,
				9ED4ED5A2C7F6C8D0004C5CC /* swift-auth-fire-clerk-walletconnect-supTests.xctest */,
				9ED4ED642C7F6C8E0004C5CC /* swift-auth-fire-clerk-walletconnect-supUITests.xctest */,
			);
			name = Products;
			sourceTree = "<group>";
		};
		9ED4ED4C2C7F6C890004C5CC /* swift-auth-fire-clerk-walletconnect-sup */ = {
			isa = PBXGroup;
			children = (
				9E89A3702C85C6FD00D6FD19 /* Info.plist */,
				9EB20CEA2C7F9478003D5333 /* GoogleService-Info.plist */,
				9ED4ED792C7F6D2D0004C5CC /* Model */,
				9ED4ED782C7F6D270004C5CC /* Core */,
				9ED4ED772C7F6D210004C5CC /* App */,
				9ED4ED512C7F6C8D0004C5CC /* Assets.xcassets */,
				9ED4ED532C7F6C8D0004C5CC /* Preview Content */,
			);
			path = "swift-auth-fire-clerk-walletconnect-sup";
			sourceTree = "<group>";
		};
		9ED4ED532C7F6C8D0004C5CC /* Preview Content */ = {
			isa = PBXGroup;
			children = (
				9ED4ED542C7F6C8D0004C5CC /* Preview Assets.xcassets */,
			);
			path = "Preview Content";
			sourceTree = "<group>";
		};
		9ED4ED5D2C7F6C8D0004C5CC /* swift-auth-fire-clerk-walletconnect-supTests */ = {
			isa = PBXGroup;
			children = (
				9ED4ED5E2C7F6C8D0004C5CC /* swift_auth_fire_clerk_walletconnect_supTests.swift */,
			);
			path = "swift-auth-fire-clerk-walletconnect-supTests";
			sourceTree = "<group>";
		};
		9ED4ED672C7F6C8E0004C5CC /* swift-auth-fire-clerk-walletconnect-supUITests */ = {
			isa = PBXGroup;
			children = (
				9ED4ED682C7F6C8E0004C5CC /* swift_auth_fire_clerk_walletconnect_supUITests.swift */,
				9ED4ED6A2C7F6C8E0004C5CC /* swift_auth_fire_clerk_walletconnect_supUITestsLaunchTests.swift */,
			);
			path = "swift-auth-fire-clerk-walletconnect-supUITests";
			sourceTree = "<group>";
		};
		9ED4ED772C7F6D210004C5CC /* App */ = {
			isa = PBXGroup;
			children = (
				9ED4ED4D2C7F6C890004C5CC /* swift_auth_fire_clerk_walletconnect_supApp.swift */,
			);
			path = App;
			sourceTree = "<group>";
		};
		9ED4ED782C7F6D270004C5CC /* Core */ = {
			isa = PBXGroup;
			children = (
				9ED4ED902C7F6F610004C5CC /* TabBar */,
				9ED4ED8F2C7F6F5B0004C5CC /* Splash */,
				9ED4ED8E2C7F6F540004C5CC /* Main */,
				9ED4ED8D2C7F6F4C0004C5CC /* Profile */,
				9ED4ED8C2C7F6F460004C5CC /* Auth */,
				9ED4ED8B2C7F6F410004C5CC /* Root */,
			);
			path = Core;
			sourceTree = "<group>";
		};
		9ED4ED792C7F6D2D0004C5CC /* Model */ = {
			isa = PBXGroup;
			children = (
				9ED4ED7A2C7F6D550004C5CC /* UserFirebase.swift */,
				9ED4EDB12C7F73FF0004C5CC /* UserSupbase.swift */,
			);
			path = Model;
			sourceTree = "<group>";
		};
		9ED4ED8B2C7F6F410004C5CC /* Root */ = {
			isa = PBXGroup;
			children = (
				9ED4ED4F2C7F6C890004C5CC /* ContentView.swift */,
			);
			path = Root;
			sourceTree = "<group>";
		};
		9ED4ED8C2C7F6F460004C5CC /* Auth */ = {
			isa = PBXGroup;
			children = (
				9ED4EDA82C7F72790004C5CC /* Views */,
				9ED4EDA72C7F72730004C5CC /* ViewModels */,
			);
			path = Auth;
			sourceTree = "<group>";
		};
		9ED4ED8D2C7F6F4C0004C5CC /* Profile */ = {
			isa = PBXGroup;
			children = (
				9ED4ED942C7F6FA30004C5CC /* Views */,
			);
			path = Profile;
			sourceTree = "<group>";
		};
		9ED4ED8E2C7F6F540004C5CC /* Main */ = {
			isa = PBXGroup;
			children = (
				9ED4ED912C7F6F7E0004C5CC /* Views */,
			);
			path = Main;
			sourceTree = "<group>";
		};
		9ED4ED8F2C7F6F5B0004C5CC /* Splash */ = {
			isa = PBXGroup;
			children = (
				9ED4ED9E2C7F712A0004C5CC /* Views */,
			);
			path = Splash;
			sourceTree = "<group>";
		};
		9ED4ED902C7F6F610004C5CC /* TabBar */ = {
			isa = PBXGroup;
			children = (
				9ED4ED9B2C7F70EE0004C5CC /* Views */,
			);
			path = TabBar;
			sourceTree = "<group>";
		};
		9ED4ED912C7F6F7E0004C5CC /* Views */ = {
			isa = PBXGroup;
			children = (
				9ED4ED922C7F6F910004C5CC /* MainView.swift */,
			);
			path = Views;
			sourceTree = "<group>";
		};
		9ED4ED942C7F6FA30004C5CC /* Views */ = {
			isa = PBXGroup;
			children = (
				9ED4ED952C7F6FB30004C5CC /* InfoCardView.swift */,
				9ED4ED972C7F6FBE0004C5CC /* ProfileView.swift */,
				9ED4ED992C7F6FD30004C5CC /* PreferenceRowView.swift */,
			);
			path = Views;
			sourceTree = "<group>";
		};
		9ED4ED9B2C7F70EE0004C5CC /* Views */ = {
			isa = PBXGroup;
			children = (
				9ED4ED9C2C7F71040004C5CC /* AppTabBarView.swift */,
			);
			path = Views;
			sourceTree = "<group>";
		};
		9ED4ED9E2C7F712A0004C5CC /* Views */ = {
			isa = PBXGroup;
			children = (
				9ED4ED9F2C7F71440004C5CC /* SplashBaseBackgroundView.swift */,
				9ED4EDA12C7F71A20004C5CC /* SplashNullUserView.swift */,
				9ED4EDA32C7F71E90004C5CC /* SplashOverTextView.swift */,
				9ED4EDA52C7F72390004C5CC /* SplashAuthedView.swift */,
				9E89A3692C84B80600D6FD19 /* SplashUnitedView.swift */,
				9E89A3712C85D1FE00D6FD19 /* SplashOnlyView.swift */,
			);
			path = Views;
			sourceTree = "<group>";
		};
		9ED4EDA72C7F72730004C5CC /* ViewModels */ = {
			isa = PBXGroup;
			children = (
				9ED4EDA92C7F729B0004C5CC /* FirebaseAuthViewModel.swift */,
				9EB20CEC2C80490B003D5333 /* SupbaseViewModel.swift */,
				9EB20CEE2C804922003D5333 /* ClerkViewModel.swift */,
				9EB20CF02C80493A003D5333 /* WalletConnectViewModel.swift */,
			);
			path = ViewModels;
			sourceTree = "<group>";
		};
		9ED4EDA82C7F72790004C5CC /* Views */ = {
			isa = PBXGroup;
			children = (
				9ED4EDAB2C7F72C70004C5CC /* AuthView.swift */,
				9ED4EDAD2C7F72D50004C5CC /* RegisterView.swift */,
				9ED4EDAF2C7F72EF0004C5CC /* AuthenticationInputView.swift */,
				9E89A3672C822ED000D6FD19 /* ForgetPasswordView.swift */,
				9E7D4EDB2C8772A2003BDE1F /* GoogleAuthView.swift */,
				9E7D4EDD2C8859F0003BDE1F /* ClerkAuthViewModel.swift */,
			);
			path = Views;
			sourceTree = "<group>";
		};
/* End PBXGroup section */

/* Begin PBXNativeTarget section */
		9ED4ED492C7F6C890004C5CC /* swift-auth-fire-clerk-walletconnect-sup */ = {
			isa = PBXNativeTarget;
			buildConfigurationList = 9ED4ED6E2C7F6C8E0004C5CC /* Build configuration list for PBXNativeTarget "swift-auth-fire-clerk-walletconnect-sup" */;
			buildPhases = (
				9ED4ED462C7F6C890004C5CC /* Sources */,
				9ED4ED472C7F6C890004C5CC /* Frameworks */,
				9ED4ED482C7F6C890004C5CC /* Resources */,
			);
			buildRules = (
			);
			dependencies = (
			);
			name = "swift-auth-fire-clerk-walletconnect-sup";
			packageProductDependencies = (
				9ED4ED7D2C7F6D8E0004C5CC /* Kingfisher */,
				9ED4ED802C7F6DB10004C5CC /* ClerkSDK */,
				9ED4ED832C7F6E0C0004C5CC /* FirebaseAuth */,
				9ED4ED852C7F6E0C0004C5CC /* FirebaseFirestore */,
				9ED4ED872C7F6E0C0004C5CC /* FirebaseStorage */,
				9EB20CF32C80B6ED003D5333 /* Auth */,
				9EB20CF52C80B6ED003D5333 /* Storage */,
				9EB20CF72C80B6ED003D5333 /* Supabase */,
				9E89A36C2C85BD5300D6FD19 /* GoogleSignIn */,
				9E89A36E2C85BD5300D6FD19 /* GoogleSignInSwift */,
			);
			productName = "swift-auth-fire-clerk-walletconnect-sup";
			productReference = 9ED4ED4A2C7F6C890004C5CC /* swift-auth-fire-clerk-walletconnect-sup.app */;
			productType = "com.apple.product-type.application";
		};
		9ED4ED592C7F6C8D0004C5CC /* swift-auth-fire-clerk-walletconnect-supTests */ = {
			isa = PBXNativeTarget;
			buildConfigurationList = 9ED4ED712C7F6C8E0004C5CC /* Build configuration list for PBXNativeTarget "swift-auth-fire-clerk-walletconnect-supTests" */;
			buildPhases = (
				9ED4ED562C7F6C8D0004C5CC /* Sources */,
				9ED4ED572C7F6C8D0004C5CC /* Frameworks */,
				9ED4ED582C7F6C8D0004C5CC /* Resources */,
			);
			buildRules = (
			);
			dependencies = (
				9ED4ED5C2C7F6C8D0004C5CC /* PBXTargetDependency */,
			);
			name = "swift-auth-fire-clerk-walletconnect-supTests";
			productName = "swift-auth-fire-clerk-walletconnect-supTests";
			productReference = 9ED4ED5A2C7F6C8D0004C5CC /* swift-auth-fire-clerk-walletconnect-supTests.xctest */;
			productType = "com.apple.product-type.bundle.unit-test";
		};
		9ED4ED632C7F6C8E0004C5CC /* swift-auth-fire-clerk-walletconnect-supUITests */ = {
			isa = PBXNativeTarget;
			buildConfigurationList = 9ED4ED742C7F6C8E0004C5CC /* Build configuration list for PBXNativeTarget "swift-auth-fire-clerk-walletconnect-supUITests" */;
			buildPhases = (
				9ED4ED602C7F6C8E0004C5CC /* Sources */,
				9ED4ED612C7F6C8E0004C5CC /* Frameworks */,
				9ED4ED622C7F6C8E0004C5CC /* Resources */,
			);
			buildRules = (
			);
			dependencies = (
				9ED4ED662C7F6C8E0004C5CC /* PBXTargetDependency */,
			);
			name = "swift-auth-fire-clerk-walletconnect-supUITests";
			productName = "swift-auth-fire-clerk-walletconnect-supUITests";
			productReference = 9ED4ED642C7F6C8E0004C5CC /* swift-auth-fire-clerk-walletconnect-supUITests.xctest */;
			productType = "com.apple.product-type.bundle.ui-testing";
		};
/* End PBXNativeTarget section */

/* Begin PBXProject section */
		9ED4ED422C7F6C890004C5CC /* Project object */ = {
			isa = PBXProject;
			attributes = {
				BuildIndependentTargetsInParallel = 1;
				LastSwiftUpdateCheck = 1530;
				LastUpgradeCheck = 1530;
				TargetAttributes = {
					9ED4ED492C7F6C890004C5CC = {
						CreatedOnToolsVersion = 15.3;
					};
					9ED4ED592C7F6C8D0004C5CC = {
						CreatedOnToolsVersion = 15.3;
						TestTargetID = 9ED4ED492C7F6C890004C5CC;
					};
					9ED4ED632C7F6C8E0004C5CC = {
						CreatedOnToolsVersion = 15.3;
						TestTargetID = 9ED4ED492C7F6C890004C5CC;
					};
				};
			};
			buildConfigurationList = 9ED4ED452C7F6C890004C5CC /* Build configuration list for PBXProject "swift-auth-fire-clerk-walletconnect-sup" */;
			compatibilityVersion = "Xcode 14.0";
			developmentRegion = en;
			hasScannedForEncodings = 0;
			knownRegions = (
				en,
				Base,
			);
			mainGroup = 9ED4ED412C7F6C890004C5CC;
			packageReferences = (
				9ED4ED7C2C7F6D8E0004C5CC /* XCRemoteSwiftPackageReference "Kingfisher" */,
				9ED4ED7F2C7F6DB10004C5CC /* XCRemoteSwiftPackageReference "clerk-ios" */,
				9ED4ED822C7F6E0C0004C5CC /* XCRemoteSwiftPackageReference "firebase-ios-sdk" */,
				9EB20CF22C80B6EC003D5333 /* XCRemoteSwiftPackageReference "supabase-swift" */,
				9E89A36B2C85BD5100D6FD19 /* XCRemoteSwiftPackageReference "GoogleSignIn-iOS" */,
			);
			productRefGroup = 9ED4ED4B2C7F6C890004C5CC /* Products */;
			projectDirPath = "";
			projectRoot = "";
			targets = (
				9ED4ED492C7F6C890004C5CC /* swift-auth-fire-clerk-walletconnect-sup */,
				9ED4ED592C7F6C8D0004C5CC /* swift-auth-fire-clerk-walletconnect-supTests */,
				9ED4ED632C7F6C8E0004C5CC /* swift-auth-fire-clerk-walletconnect-supUITests */,
			);
		};
/* End PBXProject section */

/* Begin PBXResourcesBuildPhase section */
		9ED4ED482C7F6C890004C5CC /* Resources */ = {
			isa = PBXResourcesBuildPhase;
			buildActionMask = 2147483647;
			files = (
				9ED4ED552C7F6C8D0004C5CC /* Preview Assets.xcassets in Resources */,
				9ED4ED522C7F6C8D0004C5CC /* Assets.xcassets in Resources */,
				9EB20CEB2C7F9478003D5333 /* GoogleService-Info.plist in Resources */,
			);
			runOnlyForDeploymentPostprocessing = 0;
		};
		9ED4ED582C7F6C8D0004C5CC /* Resources */ = {
			isa = PBXResourcesBuildPhase;
			buildActionMask = 2147483647;
			files = (
			);
			runOnlyForDeploymentPostprocessing = 0;
		};
		9ED4ED622C7F6C8E0004C5CC /* Resources */ = {
			isa = PBXResourcesBuildPhase;
			buildActionMask = 2147483647;
			files = (
			);
			runOnlyForDeploymentPostprocessing = 0;
		};
/* End PBXResourcesBuildPhase section */

/* Begin PBXSourcesBuildPhase section */
		9ED4ED462C7F6C890004C5CC /* Sources */ = {
			isa = PBXSourcesBuildPhase;
			buildActionMask = 2147483647;
			files = (
				9ED4EDAC2C7F72C70004C5CC /* AuthView.swift in Sources */,
				9EB20CEF2C804922003D5333 /* ClerkViewModel.swift in Sources */,
				9ED4EDAA2C7F729B0004C5CC /* FirebaseAuthViewModel.swift in Sources */,
				9ED4ED502C7F6C890004C5CC /* ContentView.swift in Sources */,
				9ED4EDB02C7F72EF0004C5CC /* AuthenticationInputView.swift in Sources */,
				9ED4ED932C7F6F920004C5CC /* MainView.swift in Sources */,
				9EB20CF12C80493A003D5333 /* WalletConnectViewModel.swift in Sources */,
				9ED4EDA62C7F723A0004C5CC /* SplashAuthedView.swift in Sources */,
				9E89A36A2C84B80700D6FD19 /* SplashUnitedView.swift in Sources */,
				9E7D4EDC2C8772A2003BDE1F /* GoogleAuthView.swift in Sources */,
				9ED4EDA02C7F71440004C5CC /* SplashBaseBackgroundView.swift in Sources */,
				9ED4EDAE2C7F72D50004C5CC /* RegisterView.swift in Sources */,
				9E89A3682C822ED000D6FD19 /* ForgetPasswordView.swift in Sources */,
				9EB20CED2C80490C003D5333 /* SupbaseViewModel.swift in Sources */,
				9ED4ED4E2C7F6C890004C5CC /* swift_auth_fire_clerk_walletconnect_supApp.swift in Sources */,
				9ED4ED9A2C7F6FD30004C5CC /* PreferenceRowView.swift in Sources */,
				9ED4ED962C7F6FB30004C5CC /* InfoCardView.swift in Sources */,
				9ED4ED982C7F6FBF0004C5CC /* ProfileView.swift in Sources */,
				9E89A3722C85D1FE00D6FD19 /* SplashOnlyView.swift in Sources */,
				9ED4ED9D2C7F71040004C5CC /* AppTabBarView.swift in Sources */,
				9ED4EDB22C7F73FF0004C5CC /* UserSupbase.swift in Sources */,
				9E7D4EDE2C8859F1003BDE1F /* ClerkAuthViewModel.swift in Sources */,
				9ED4ED7B2C7F6D550004C5CC /* UserFirebase.swift in Sources */,
				9ED4EDA42C7F71E90004C5CC /* SplashOverTextView.swift in Sources */,
				9ED4EDA22C7F71A20004C5CC /* SplashNullUserView.swift in Sources */,
			);
			runOnlyForDeploymentPostprocessing = 0;
		};
		9ED4ED562C7F6C8D0004C5CC /* Sources */ = {
			isa = PBXSourcesBuildPhase;
			buildActionMask = 2147483647;
			files = (
				9ED4ED5F2C7F6C8D0004C5CC /* swift_auth_fire_clerk_walletconnect_supTests.swift in Sources */,
			);
			runOnlyForDeploymentPostprocessing = 0;
		};
		9ED4ED602C7F6C8E0004C5CC /* Sources */ = {
			isa = PBXSourcesBuildPhase;
			buildActionMask = 2147483647;
			files = (
				9ED4ED692C7F6C8E0004C5CC /* swift_auth_fire_clerk_walletconnect_supUITests.swift in Sources */,
				9ED4ED6B2C7F6C8E0004C5CC /* swift_auth_fire_clerk_walletconnect_supUITestsLaunchTests.swift in Sources */,
			);
			runOnlyForDeploymentPostprocessing = 0;
		};
/* End PBXSourcesBuildPhase section */

/* Begin PBXTargetDependency section */
		9ED4ED5C2C7F6C8D0004C5CC /* PBXTargetDependency */ = {
			isa = PBXTargetDependency;
			target = 9ED4ED492C7F6C890004C5CC /* swift-auth-fire-clerk-walletconnect-sup */;
			targetProxy = 9ED4ED5B2C7F6C8D0004C5CC /* PBXContainerItemProxy */;
		};
		9ED4ED662C7F6C8E0004C5CC /* PBXTargetDependency */ = {
			isa = PBXTargetDependency;
			target = 9ED4ED492C7F6C890004C5CC /* swift-auth-fire-clerk-walletconnect-sup */;
			targetProxy = 9ED4ED652C7F6C8E0004C5CC /* PBXContainerItemProxy */;
		};
/* End PBXTargetDependency section */

/* Begin XCBuildConfiguration section */
		9ED4ED6C2C7F6C8E0004C5CC /* Debug */ = {
			isa = XCBuildConfiguration;
			buildSettings = {
				ALWAYS_SEARCH_USER_PATHS = NO;
				ASSETCATALOG_COMPILER_GENERATE_SWIFT_ASSET_SYMBOL_EXTENSIONS = YES;
				CLANG_ANALYZER_NONNULL = YES;
				CLANG_ANALYZER_NUMBER_OBJECT_CONVERSION = YES_AGGRESSIVE;
				CLANG_CXX_LANGUAGE_STANDARD = "gnu++20";
				CLANG_ENABLE_MODULES = YES;
				CLANG_ENABLE_OBJC_ARC = YES;
				CLANG_ENABLE_OBJC_WEAK = YES;
				CLANG_WARN_BLOCK_CAPTURE_AUTORELEASING = YES;
				CLANG_WARN_BOOL_CONVERSION = YES;
				CLANG_WARN_COMMA = YES;
				CLANG_WARN_CONSTANT_CONVERSION = YES;
				CLANG_WARN_DEPRECATED_OBJC_IMPLEMENTATIONS = YES;
				CLANG_WARN_DIRECT_OBJC_ISA_USAGE = YES_ERROR;
				CLANG_WARN_DOCUMENTATION_COMMENTS = YES;
				CLANG_WARN_EMPTY_BODY = YES;
				CLANG_WARN_ENUM_CONVERSION = YES;
				CLANG_WARN_INFINITE_RECURSION = YES;
				CLANG_WARN_INT_CONVERSION = YES;
				CLANG_WARN_NON_LITERAL_NULL_CONVERSION = YES;
				CLANG_WARN_OBJC_IMPLICIT_RETAIN_SELF = YES;
				CLANG_WARN_OBJC_LITERAL_CONVERSION = YES;
				CLANG_WARN_OBJC_ROOT_CLASS = YES_ERROR;
				CLANG_WARN_QUOTED_INCLUDE_IN_FRAMEWORK_HEADER = YES;
				CLANG_WARN_RANGE_LOOP_ANALYSIS = YES;
				CLANG_WARN_STRICT_PROTOTYPES = YES;
				CLANG_WARN_SUSPICIOUS_MOVE = YES;
				CLANG_WARN_UNGUARDED_AVAILABILITY = YES_AGGRESSIVE;
				CLANG_WARN_UNREACHABLE_CODE = YES;
				CLANG_WARN__DUPLICATE_METHOD_MATCH = YES;
				COPY_PHASE_STRIP = NO;
				DEBUG_INFORMATION_FORMAT = dwarf;
				ENABLE_STRICT_OBJC_MSGSEND = YES;
				ENABLE_TESTABILITY = YES;
				ENABLE_USER_SCRIPT_SANDBOXING = YES;
				GCC_C_LANGUAGE_STANDARD = gnu17;
				GCC_DYNAMIC_NO_PIC = NO;
				GCC_NO_COMMON_BLOCKS = YES;
				GCC_OPTIMIZATION_LEVEL = 0;
				GCC_PREPROCESSOR_DEFINITIONS = (
					"DEBUG=1",
					"$(inherited)",
				);
				GCC_WARN_64_TO_32_BIT_CONVERSION = YES;
				GCC_WARN_ABOUT_RETURN_TYPE = YES_ERROR;
				GCC_WARN_UNDECLARED_SELECTOR = YES;
				GCC_WARN_UNINITIALIZED_AUTOS = YES_AGGRESSIVE;
				GCC_WARN_UNUSED_FUNCTION = YES;
				GCC_WARN_UNUSED_VARIABLE = YES;
				IPHONEOS_DEPLOYMENT_TARGET = 17.4;
				LOCALIZATION_PREFERS_STRING_CATALOGS = YES;
				MTL_ENABLE_DEBUG_INFO = INCLUDE_SOURCE;
				MTL_FAST_MATH = YES;
				ONLY_ACTIVE_ARCH = YES;
				SDKROOT = iphoneos;
				SWIFT_ACTIVE_COMPILATION_CONDITIONS = "DEBUG $(inherited)";
				SWIFT_OPTIMIZATION_LEVEL = "-Onone";
			};
			name = Debug;
		};
		9ED4ED6D2C7F6C8E0004C5CC /* Release */ = {
			isa = XCBuildConfiguration;
			buildSettings = {
				ALWAYS_SEARCH_USER_PATHS = NO;
				ASSETCATALOG_COMPILER_GENERATE_SWIFT_ASSET_SYMBOL_EXTENSIONS = YES;
				CLANG_ANALYZER_NONNULL = YES;
				CLANG_ANALYZER_NUMBER_OBJECT_CONVERSION = YES_AGGRESSIVE;
				CLANG_CXX_LANGUAGE_STANDARD = "gnu++20";
				CLANG_ENABLE_MODULES = YES;
				CLANG_ENABLE_OBJC_ARC = YES;
				CLANG_ENABLE_OBJC_WEAK = YES;
				CLANG_WARN_BLOCK_CAPTURE_AUTORELEASING = YES;
				CLANG_WARN_BOOL_CONVERSION = YES;
				CLANG_WARN_COMMA = YES;
				CLANG_WARN_CONSTANT_CONVERSION = YES;
				CLANG_WARN_DEPRECATED_OBJC_IMPLEMENTATIONS = YES;
				CLANG_WARN_DIRECT_OBJC_ISA_USAGE = YES_ERROR;
				CLANG_WARN_DOCUMENTATION_COMMENTS = YES;
				CLANG_WARN_EMPTY_BODY = YES;
				CLANG_WARN_ENUM_CONVERSION = YES;
				CLANG_WARN_INFINITE_RECURSION = YES;
				CLANG_WARN_INT_CONVERSION = YES;
				CLANG_WARN_NON_LITERAL_NULL_CONVERSION = YES;
				CLANG_WARN_OBJC_IMPLICIT_RETAIN_SELF = YES;
				CLANG_WARN_OBJC_LITERAL_CONVERSION = YES;
				CLANG_WARN_OBJC_ROOT_CLASS = YES_ERROR;
				CLANG_WARN_QUOTED_INCLUDE_IN_FRAMEWORK_HEADER = YES;
				CLANG_WARN_RANGE_LOOP_ANALYSIS = YES;
				CLANG_WARN_STRICT_PROTOTYPES = YES;
				CLANG_WARN_SUSPICIOUS_MOVE = YES;
				CLANG_WARN_UNGUARDED_AVAILABILITY = YES_AGGRESSIVE;
				CLANG_WARN_UNREACHABLE_CODE = YES;
				CLANG_WARN__DUPLICATE_METHOD_MATCH = YES;
				COPY_PHASE_STRIP = NO;
				DEBUG_INFORMATION_FORMAT = "dwarf-with-dsym";
				ENABLE_NS_ASSERTIONS = NO;
				ENABLE_STRICT_OBJC_MSGSEND = YES;
				ENABLE_USER_SCRIPT_SANDBOXING = YES;
				GCC_C_LANGUAGE_STANDARD = gnu17;
				GCC_NO_COMMON_BLOCKS = YES;
				GCC_WARN_64_TO_32_BIT_CONVERSION = YES;
				GCC_WARN_ABOUT_RETURN_TYPE = YES_ERROR;
				GCC_WARN_UNDECLARED_SELECTOR = YES;
				GCC_WARN_UNINITIALIZED_AUTOS = YES_AGGRESSIVE;
				GCC_WARN_UNUSED_FUNCTION = YES;
				GCC_WARN_UNUSED_VARIABLE = YES;
				IPHONEOS_DEPLOYMENT_TARGET = 17.4;
				LOCALIZATION_PREFERS_STRING_CATALOGS = YES;
				MTL_ENABLE_DEBUG_INFO = NO;
				MTL_FAST_MATH = YES;
				SDKROOT = iphoneos;
				SWIFT_COMPILATION_MODE = wholemodule;
				VALIDATE_PRODUCT = YES;
			};
			name = Release;
		};
		9ED4ED6F2C7F6C8E0004C5CC /* Debug */ = {
			isa = XCBuildConfiguration;
			buildSettings = {
				ASSETCATALOG_COMPILER_APPICON_NAME = AppIcon;
				ASSETCATALOG_COMPILER_GLOBAL_ACCENT_COLOR_NAME = AccentColor;
				CODE_SIGN_STYLE = Automatic;
				CURRENT_PROJECT_VERSION = 1;
				DEVELOPMENT_ASSET_PATHS = "\"swift-auth-fire-clerk-walletconnect-sup/Preview Content\"";
				DEVELOPMENT_TEAM = VN473AYG7Z;
				ENABLE_PREVIEWS = YES;
				GENERATE_INFOPLIST_FILE = YES;
				INFOPLIST_FILE = "swift-auth-fire-clerk-walletconnect-sup/Info.plist";
				INFOPLIST_KEY_CFBundleDisplayName = JasonIsNumber2;
				INFOPLIST_KEY_UIApplicationSceneManifest_Generation = YES;
				INFOPLIST_KEY_UIApplicationSupportsIndirectInputEvents = YES;
				INFOPLIST_KEY_UILaunchScreen_Generation = YES;
				INFOPLIST_KEY_UISupportedInterfaceOrientations_iPad = "UIInterfaceOrientationPortrait UIInterfaceOrientationPortraitUpsideDown UIInterfaceOrientationLandscapeLeft UIInterfaceOrientationLandscapeRight";
				INFOPLIST_KEY_UISupportedInterfaceOrientations_iPhone = "UIInterfaceOrientationPortrait UIInterfaceOrientationLandscapeLeft UIInterfaceOrientationLandscapeRight";
				LD_RUNPATH_SEARCH_PATHS = (
					"$(inherited)",
					"@executable_path/Frameworks",
				);
				MARKETING_VERSION = 1.0;
				PRODUCT_BUNDLE_IDENTIFIER = "com.itpofy.swift-auth-fire-clerk-walletconnect-sup";
				PRODUCT_NAME = "$(TARGET_NAME)";
				SWIFT_EMIT_LOC_STRINGS = YES;
				SWIFT_VERSION = 5.0;
				TARGETED_DEVICE_FAMILY = "1,2";
			};
			name = Debug;
		};
		9ED4ED702C7F6C8E0004C5CC /* Release */ = {
			isa = XCBuildConfiguration;
			buildSettings = {
				ASSETCATALOG_COMPILER_APPICON_NAME = AppIcon;
				ASSETCATALOG_COMPILER_GLOBAL_ACCENT_COLOR_NAME = AccentColor;
				CODE_SIGN_STYLE = Automatic;
				CURRENT_PROJECT_VERSION = 1;
				DEVELOPMENT_ASSET_PATHS = "\"swift-auth-fire-clerk-walletconnect-sup/Preview Content\"";
				DEVELOPMENT_TEAM = VN473AYG7Z;
				ENABLE_PREVIEWS = YES;
				GENERATE_INFOPLIST_FILE = YES;
				INFOPLIST_FILE = "swift-auth-fire-clerk-walletconnect-sup/Info.plist";
				INFOPLIST_KEY_CFBundleDisplayName = JasonIsNumber2;
				INFOPLIST_KEY_UIApplicationSceneManifest_Generation = YES;
				INFOPLIST_KEY_UIApplicationSupportsIndirectInputEvents = YES;
				INFOPLIST_KEY_UILaunchScreen_Generation = YES;
				INFOPLIST_KEY_UISupportedInterfaceOrientations_iPad = "UIInterfaceOrientationPortrait UIInterfaceOrientationPortraitUpsideDown UIInterfaceOrientationLandscapeLeft UIInterfaceOrientationLandscapeRight";
				INFOPLIST_KEY_UISupportedInterfaceOrientations_iPhone = "UIInterfaceOrientationPortrait UIInterfaceOrientationLandscapeLeft UIInterfaceOrientationLandscapeRight";
				LD_RUNPATH_SEARCH_PATHS = (
					"$(inherited)",
					"@executable_path/Frameworks",
				);
				MARKETING_VERSION = 1.0;
				PRODUCT_BUNDLE_IDENTIFIER = "com.itpofy.swift-auth-fire-clerk-walletconnect-sup";
				PRODUCT_NAME = "$(TARGET_NAME)";
				SWIFT_EMIT_LOC_STRINGS = YES;
				SWIFT_VERSION = 5.0;
				TARGETED_DEVICE_FAMILY = "1,2";
			};
			name = Release;
		};
		9ED4ED722C7F6C8E0004C5CC /* Debug */ = {
			isa = XCBuildConfiguration;
			buildSettings = {
				ALWAYS_EMBED_SWIFT_STANDARD_LIBRARIES = YES;
				BUNDLE_LOADER = "$(TEST_HOST)";
				CODE_SIGN_STYLE = Automatic;
				CURRENT_PROJECT_VERSION = 1;
				DEVELOPMENT_TEAM = VN473AYG7Z;
				GENERATE_INFOPLIST_FILE = YES;
				IPHONEOS_DEPLOYMENT_TARGET = 17.4;
				MARKETING_VERSION = 1.0;
				PRODUCT_BUNDLE_IDENTIFIER = "com.itpofy.swift-auth-fire-clerk-walletconnect-supTests";
				PRODUCT_NAME = "$(TARGET_NAME)";
				SWIFT_EMIT_LOC_STRINGS = NO;
				SWIFT_VERSION = 5.0;
				TARGETED_DEVICE_FAMILY = "1,2";
				TEST_HOST = "$(BUILT_PRODUCTS_DIR)/swift-auth-fire-clerk-walletconnect-sup.app/$(BUNDLE_EXECUTABLE_FOLDER_PATH)/swift-auth-fire-clerk-walletconnect-sup";
			};
			name = Debug;
		};
		9ED4ED732C7F6C8E0004C5CC /* Release */ = {
			isa = XCBuildConfiguration;
			buildSettings = {
				ALWAYS_EMBED_SWIFT_STANDARD_LIBRARIES = YES;
				BUNDLE_LOADER = "$(TEST_HOST)";
				CODE_SIGN_STYLE = Automatic;
				CURRENT_PROJECT_VERSION = 1;
				DEVELOPMENT_TEAM = VN473AYG7Z;
				GENERATE_INFOPLIST_FILE = YES;
				IPHONEOS_DEPLOYMENT_TARGET = 17.4;
				MARKETING_VERSION = 1.0;
				PRODUCT_BUNDLE_IDENTIFIER = "com.itpofy.swift-auth-fire-clerk-walletconnect-supTests";
				PRODUCT_NAME = "$(TARGET_NAME)";
				SWIFT_EMIT_LOC_STRINGS = NO;
				SWIFT_VERSION = 5.0;
				TARGETED_DEVICE_FAMILY = "1,2";
				TEST_HOST = "$(BUILT_PRODUCTS_DIR)/swift-auth-fire-clerk-walletconnect-sup.app/$(BUNDLE_EXECUTABLE_FOLDER_PATH)/swift-auth-fire-clerk-walletconnect-sup";
			};
			name = Release;
		};
		9ED4ED752C7F6C8E0004C5CC /* Debug */ = {
			isa = XCBuildConfiguration;
			buildSettings = {
				ALWAYS_EMBED_SWIFT_STANDARD_LIBRARIES = YES;
				CODE_SIGN_STYLE = Automatic;
				CURRENT_PROJECT_VERSION = 1;
				DEVELOPMENT_TEAM = VN473AYG7Z;
				GENERATE_INFOPLIST_FILE = YES;
				MARKETING_VERSION = 1.0;
				PRODUCT_BUNDLE_IDENTIFIER = "com.itpofy.swift-auth-fire-clerk-walletconnect-supUITests";
				PRODUCT_NAME = "$(TARGET_NAME)";
				SWIFT_EMIT_LOC_STRINGS = NO;
				SWIFT_VERSION = 5.0;
				TARGETED_DEVICE_FAMILY = "1,2";
				TEST_TARGET_NAME = "swift-auth-fire-clerk-walletconnect-sup";
			};
			name = Debug;
		};
		9ED4ED762C7F6C8E0004C5CC /* Release */ = {
			isa = XCBuildConfiguration;
			buildSettings = {
				ALWAYS_EMBED_SWIFT_STANDARD_LIBRARIES = YES;
				CODE_SIGN_STYLE = Automatic;
				CURRENT_PROJECT_VERSION = 1;
				DEVELOPMENT_TEAM = VN473AYG7Z;
				GENERATE_INFOPLIST_FILE = YES;
				MARKETING_VERSION = 1.0;
				PRODUCT_BUNDLE_IDENTIFIER = "com.itpofy.swift-auth-fire-clerk-walletconnect-supUITests";
				PRODUCT_NAME = "$(TARGET_NAME)";
				SWIFT_EMIT_LOC_STRINGS = NO;
				SWIFT_VERSION = 5.0;
				TARGETED_DEVICE_FAMILY = "1,2";
				TEST_TARGET_NAME = "swift-auth-fire-clerk-walletconnect-sup";
			};
			name = Release;
		};
/* End XCBuildConfiguration section */

/* Begin XCConfigurationList section */
		9ED4ED452C7F6C890004C5CC /* Build configuration list for PBXProject "swift-auth-fire-clerk-walletconnect-sup" */ = {
			isa = XCConfigurationList;
			buildConfigurations = (
				9ED4ED6C2C7F6C8E0004C5CC /* Debug */,
				9ED4ED6D2C7F6C8E0004C5CC /* Release */,
			);
			defaultConfigurationIsVisible = 0;
			defaultConfigurationName = Release;
		};
		9ED4ED6E2C7F6C8E0004C5CC /* Build configuration list for PBXNativeTarget "swift-auth-fire-clerk-walletconnect-sup" */ = {
			isa = XCConfigurationList;
			buildConfigurations = (
				9ED4ED6F2C7F6C8E0004C5CC /* Debug */,
				9ED4ED702C7F6C8E0004C5CC /* Release */,
			);
			defaultConfigurationIsVisible = 0;
			defaultConfigurationName = Release;
		};
		9ED4ED712C7F6C8E0004C5CC /* Build configuration list for PBXNativeTarget "swift-auth-fire-clerk-walletconnect-supTests" */ = {
			isa = XCConfigurationList;
			buildConfigurations = (
				9ED4ED722C7F6C8E0004C5CC /* Debug */,
				9ED4ED732C7F6C8E0004C5CC /* Release */,
			);
			defaultConfigurationIsVisible = 0;
			defaultConfigurationName = Release;
		};
		9ED4ED742C7F6C8E0004C5CC /* Build configuration list for PBXNativeTarget "swift-auth-fire-clerk-walletconnect-supUITests" */ = {
			isa = XCConfigurationList;
			buildConfigurations = (
				9ED4ED752C7F6C8E0004C5CC /* Debug */,
				9ED4ED762C7F6C8E0004C5CC /* Release */,
			);
			defaultConfigurationIsVisible = 0;
			defaultConfigurationName = Release;
		};
/* End XCConfigurationList section */

/* Begin XCRemoteSwiftPackageReference section */
		9E89A36B2C85BD5100D6FD19 /* XCRemoteSwiftPackageReference "GoogleSignIn-iOS" */ = {
			isa = XCRemoteSwiftPackageReference;
			repositoryURL = "https://github.com/google/GoogleSignIn-iOS";
			requirement = {
				kind = upToNextMajorVersion;
				minimumVersion = 8.0.0;
			};
		};
		9EB20CF22C80B6EC003D5333 /* XCRemoteSwiftPackageReference "supabase-swift" */ = {
			isa = XCRemoteSwiftPackageReference;
			repositoryURL = "https://github.com/supabase-community/supabase-swift.git";
			requirement = {
				kind = upToNextMajorVersion;
				minimumVersion = 2.5.1;
			};
		};
		9ED4ED7C2C7F6D8E0004C5CC /* XCRemoteSwiftPackageReference "Kingfisher" */ = {
			isa = XCRemoteSwiftPackageReference;
			repositoryURL = "https://github.com/onevcat/Kingfisher.git";
			requirement = {
				kind = upToNextMajorVersion;
				minimumVersion = 7.12.0;
			};
		};
		9ED4ED7F2C7F6DB10004C5CC /* XCRemoteSwiftPackageReference "clerk-ios" */ = {
			isa = XCRemoteSwiftPackageReference;
			repositoryURL = "https://github.com/clerk/clerk-ios";
			requirement = {
				kind = upToNextMajorVersion;
				minimumVersion = 0.36.2;
			};
		};
		9ED4ED822C7F6E0C0004C5CC /* XCRemoteSwiftPackageReference "firebase-ios-sdk" */ = {
			isa = XCRemoteSwiftPackageReference;
			repositoryURL = "https://github.com/firebase/firebase-ios-sdk";
			requirement = {
				kind = upToNextMajorVersion;
				minimumVersion = 11.1.0;
			};
		};
/* End XCRemoteSwiftPackageReference section */

/* Begin XCSwiftPackageProductDependency section */
		9E89A36C2C85BD5300D6FD19 /* GoogleSignIn */ = {
			isa = XCSwiftPackageProductDependency;
			package = 9E89A36B2C85BD5100D6FD19 /* XCRemoteSwiftPackageReference "GoogleSignIn-iOS" */;
			productName = GoogleSignIn;
		};
		9E89A36E2C85BD5300D6FD19 /* GoogleSignInSwift */ = {
			isa = XCSwiftPackageProductDependency;
			package = 9E89A36B2C85BD5100D6FD19 /* XCRemoteSwiftPackageReference "GoogleSignIn-iOS" */;
			productName = GoogleSignInSwift;
		};
		9EB20CF32C80B6ED003D5333 /* Auth */ = {
			isa = XCSwiftPackageProductDependency;
			package = 9EB20CF22C80B6EC003D5333 /* XCRemoteSwiftPackageReference "supabase-swift" */;
			productName = Auth;
		};
		9EB20CF52C80B6ED003D5333 /* Storage */ = {
			isa = XCSwiftPackageProductDependency;
			package = 9EB20CF22C80B6EC003D5333 /* XCRemoteSwiftPackageReference "supabase-swift" */;
			productName = Storage;
		};
		9EB20CF72C80B6ED003D5333 /* Supabase */ = {
			isa = XCSwiftPackageProductDependency;
			package = 9EB20CF22C80B6EC003D5333 /* XCRemoteSwiftPackageReference "supabase-swift" */;
			productName = Supabase;
		};
		9ED4ED7D2C7F6D8E0004C5CC /* Kingfisher */ = {
			isa = XCSwiftPackageProductDependency;
			package = 9ED4ED7C2C7F6D8E0004C5CC /* XCRemoteSwiftPackageReference "Kingfisher" */;
			productName = Kingfisher;
		};
		9ED4ED802C7F6DB10004C5CC /* ClerkSDK */ = {
			isa = XCSwiftPackageProductDependency;
			package = 9ED4ED7F2C7F6DB10004C5CC /* XCRemoteSwiftPackageReference "clerk-ios" */;
			productName = ClerkSDK;
		};
		9ED4ED832C7F6E0C0004C5CC /* FirebaseAuth */ = {
			isa = XCSwiftPackageProductDependency;
			package = 9ED4ED822C7F6E0C0004C5CC /* XCRemoteSwiftPackageReference "firebase-ios-sdk" */;
			productName = FirebaseAuth;
		};
		9ED4ED852C7F6E0C0004C5CC /* FirebaseFirestore */ = {
			isa = XCSwiftPackageProductDependency;
			package = 9ED4ED822C7F6E0C0004C5CC /* XCRemoteSwiftPackageReference "firebase-ios-sdk" */;
			productName = FirebaseFirestore;
		};
		9ED4ED872C7F6E0C0004C5CC /* FirebaseStorage */ = {
			isa = XCSwiftPackageProductDependency;
			package = 9ED4ED822C7F6E0C0004C5CC /* XCRemoteSwiftPackageReference "firebase-ios-sdk" */;
			productName = FirebaseStorage;
		};
/* End XCSwiftPackageProductDependency section */
	};
	rootObject = 9ED4ED422C7F6C890004C5CC /* Project object */;
}
